
Microsoft Visual Studio Solution File, Format Version 12.00
# Visual Studio Version 16
VisualStudioVersion = 16.0.30128.74
MinimumVisualStudioVersion = 10.0.40219.1
Project("{FAE04EC0-301F-11D3-BF4B-00C04F79EFBC}") = "FirstHackathon", "FirstHackathon\FirstHackathon.csproj", "{8871EC46-E329-469F-9DE6-6931D3C6864E}"
EndProject
Global
	GlobalSection(SolutionConfigurationPlatforms) = preSolution
		Debug|Any CPU = Debug|Any CPU
		Release|Any CPU = Release|Any CPU
	EndGlobalSection
	GlobalSection(ProjectConfigurationPlatforms) = postSolution
		{8871EC46-E329-469F-9DE6-6931D3C6864E}.Debug|Any CPU.ActiveCfg = Debug|Any CPU
		{8871EC46-E329-469F-9DE6-6931D3C6864E}.Debug|Any CPU.Build.0 = Debug|Any CPU
		{8871EC46-E329-469F-9DE6-6931D3C6864E}.Release|Any CPU.ActiveCfg = Release|Any CPU
		{8871EC46-E329-469F-9DE6-6931D3C6864E}.Release|Any CPU.Build.0 = Release|Any CPU
	EndGlobalSection
	GlobalSection(SolutionProperties) = preSolution
		HideSolutionNode = FALSE
	EndGlobalSection
	GlobalSection(ExtensibilityGlobals) = postSolution
		SolutionGuid = {944042D9-E337-4648-826C-225DA352EF9D}
	EndGlobalSection
EndGlobal
